// !$*UTF8*$!
{
	archiveVersion = 1;
	classes = {
	};
	objectVersion = 56;
	objects = {

/* Begin PBXBuildFile section */
		FA27A1F52AC53A5600FB8A9B /* HexagonParameters.swift in Sources */ = {isa = PBXBuildFile; fileRef = FA27A1F42AC53A5600FB8A9B /* HexagonParameters.swift */; };
		FA27A1F72AC53EF200FB8A9B /* BadgeBackground.swift in Sources */ = {isa = PBXBuildFile; fileRef = FA27A1F62AC53EF200FB8A9B /* BadgeBackground.swift */; };
		FA27A1F92AC5457200FB8A9B /* BadgeSymbol.swift in Sources */ = {isa = PBXBuildFile; fileRef = FA27A1F82AC5457200FB8A9B /* BadgeSymbol.swift */; };
		FA27A1FB2AC545A500FB8A9B /* RotatedBadgeSymbol.swift in Sources */ = {isa = PBXBuildFile; fileRef = FA27A1FA2AC545A500FB8A9B /* RotatedBadgeSymbol.swift */; };
		FA27A1FD2AC56B7F00FB8A9B /* Badge.swift in Sources */ = {isa = PBXBuildFile; fileRef = FA27A1FC2AC56B7F00FB8A9B /* Badge.swift */; };
		FA27A2002AC5701600FB8A9B /* hikeData.json in Resources */ = {isa = PBXBuildFile; fileRef = FA27A1FF2AC5701600FB8A9B /* hikeData.json */; };
		FA27A2022AC5702D00FB8A9B /* Hike.swift in Sources */ = {isa = PBXBuildFile; fileRef = FA27A2012AC5702D00FB8A9B /* Hike.swift */; };
		FA27A2082AC570AD00FB8A9B /* GraphCapsule.swift in Sources */ = {isa = PBXBuildFile; fileRef = FA27A2042AC570AD00FB8A9B /* GraphCapsule.swift */; };
		FA27A2092AC570AD00FB8A9B /* HikeGraph.swift in Sources */ = {isa = PBXBuildFile; fileRef = FA27A2052AC570AD00FB8A9B /* HikeGraph.swift */; };
		FA27A20A2AC570AD00FB8A9B /* HikeDetail.swift in Sources */ = {isa = PBXBuildFile; fileRef = FA27A2062AC570AD00FB8A9B /* HikeDetail.swift */; };
		FA27A20B2AC570AD00FB8A9B /* HikeView.swift in Sources */ = {isa = PBXBuildFile; fileRef = FA27A2072AC570AD00FB8A9B /* HikeView.swift */; };
		FA27A20E2AC5B19A00FB8A9B /* CategoryHome.swift in Sources */ = {isa = PBXBuildFile; fileRef = FA27A20D2AC5B19A00FB8A9B /* CategoryHome.swift */; };
		FA27A2102AC5B39F00FB8A9B /* CategoryRow.swift in Sources */ = {isa = PBXBuildFile; fileRef = FA27A20F2AC5B39F00FB8A9B /* CategoryRow.swift */; };
		FA27A2122AC5B4DC00FB8A9B /* CategoryItem.swift in Sources */ = {isa = PBXBuildFile; fileRef = FA27A2112AC5B4DC00FB8A9B /* CategoryItem.swift */; };
		FA3FEAE92ABE9DCB00FAEFB1 /* landmarkData.json in Resources */ = {isa = PBXBuildFile; fileRef = FA3FEAE82ABE9DCB00FAEFB1 /* landmarkData.json */; };
		FA3FEAEB2ABE9DE100FAEFB1 /* Landmark.swift in Sources */ = {isa = PBXBuildFile; fileRef = FA3FEAEA2ABE9DE100FAEFB1 /* Landmark.swift */; };
		FA3FEAED2ABE9E4100FAEFB1 /* ModelData.swift in Sources */ = {isa = PBXBuildFile; fileRef = FA3FEAEC2ABE9E4100FAEFB1 /* ModelData.swift */; };
		FA3FEAF22ABE9F1800FAEFB1 /* MapView.swift in Sources */ = {isa = PBXBuildFile; fileRef = FA3FEAF12ABE9F1800FAEFB1 /* MapView.swift */; };
		FA3FEAF42ABEA04F00FAEFB1 /* CircleImage.swift in Sources */ = {isa = PBXBuildFile; fileRef = FA3FEAF32ABEA04F00FAEFB1 /* CircleImage.swift */; };
		FA3FEAF92ABEA24300FAEFB1 /* LandmarkRow.swift in Sources */ = {isa = PBXBuildFile; fileRef = FA3FEAF82ABEA24300FAEFB1 /* LandmarkRow.swift */; };
		FA3FEAFB2ABEA39800FAEFB1 /* LandmarkList.swift in Sources */ = {isa = PBXBuildFile; fileRef = FA3FEAFA2ABEA39800FAEFB1 /* LandmarkList.swift */; };
		FA3FEAFD2ABEA48500FAEFB1 /* LandmarkDetail.swift in Sources */ = {isa = PBXBuildFile; fileRef = FA3FEAFC2ABEA48500FAEFB1 /* LandmarkDetail.swift */; };
		FA5781ED2ABE7F1700FAD4EC /* LandmarksApp.swift in Sources */ = {isa = PBXBuildFile; fileRef = FA5781EC2ABE7F1700FAD4EC /* LandmarksApp.swift */; };
		FA5781EF2ABE7F1700FAD4EC /* ContentView.swift in Sources */ = {isa = PBXBuildFile; fileRef = FA5781EE2ABE7F1700FAD4EC /* ContentView.swift */; };
		FA5781F12ABE7F1A00FAD4EC /* Assets.xcassets in Resources */ = {isa = PBXBuildFile; fileRef = FA5781F02ABE7F1A00FAD4EC /* Assets.xcassets */; };
		FA5781F42ABE7F1A00FAD4EC /* Preview Assets.xcassets in Resources */ = {isa = PBXBuildFile; fileRef = FA5781F32ABE7F1A00FAD4EC /* Preview Assets.xcassets */; };
		FA5781FE2ABE7F1B00FAD4EC /* LandmarksTests.swift in Sources */ = {isa = PBXBuildFile; fileRef = FA5781FD2ABE7F1B00FAD4EC /* LandmarksTests.swift */; };
		FA5782082ABE7F1B00FAD4EC /* LandmarksUITests.swift in Sources */ = {isa = PBXBuildFile; fileRef = FA5782072ABE7F1B00FAD4EC /* LandmarksUITests.swift */; };
		FA57820A2ABE7F1B00FAD4EC /* LandmarksUITestsLaunchTests.swift in Sources */ = {isa = PBXBuildFile; fileRef = FA5782092ABE7F1B00FAD4EC /* LandmarksUITestsLaunchTests.swift */; };
		FAB026B32ABFDFED000F7677 /* FavoriteButton.swift in Sources */ = {isa = PBXBuildFile; fileRef = FAB026B22ABFDFED000F7677 /* FavoriteButton.swift */; };
/* End PBXBuildFile section */

/* Begin PBXContainerItemProxy section */
		FA5781FA2ABE7F1B00FAD4EC /* PBXContainerItemProxy */ = {
			isa = PBXContainerItemProxy;
			containerPortal = FA5781E12ABE7F1700FAD4EC /* Project object */;
			proxyType = 1;
			remoteGlobalIDString = FA5781E82ABE7F1700FAD4EC;
			remoteInfo = Landmarks;
		};
		FA5782042ABE7F1B00FAD4EC /* PBXContainerItemProxy */ = {
			isa = PBXContainerItemProxy;
			containerPortal = FA5781E12ABE7F1700FAD4EC /* Project object */;
			proxyType = 1;
			remoteGlobalIDString = FA5781E82ABE7F1700FAD4EC;
			remoteInfo = Landmarks;
		};
/* End PBXContainerItemProxy section */

/* Begin PBXFileReference section */
		FA27A1F42AC53A5600FB8A9B /* HexagonParameters.swift */ = {isa = PBXFileReference; lastKnownFileType = sourcecode.swift; path = HexagonParameters.swift; sourceTree = "<group>"; };
		FA27A1F62AC53EF200FB8A9B /* BadgeBackground.swift */ = {isa = PBXFileReference; lastKnownFileType = sourcecode.swift; path = BadgeBackground.swift; sourceTree = "<group>"; };
		FA27A1F82AC5457200FB8A9B /* BadgeSymbol.swift */ = {isa = PBXFileReference; lastKnownFileType = sourcecode.swift; path = BadgeSymbol.swift; sourceTree = "<group>"; };
		FA27A1FA2AC545A500FB8A9B /* RotatedBadgeSymbol.swift */ = {isa = PBXFileReference; lastKnownFileType = sourcecode.swift; path = RotatedBadgeSymbol.swift; sourceTree = "<group>"; };
		FA27A1FC2AC56B7F00FB8A9B /* Badge.swift */ = {isa = PBXFileReference; lastKnownFileType = sourcecode.swift; path = Badge.swift; sourceTree = "<group>"; };
		FA27A1FF2AC5701600FB8A9B /* hikeData.json */ = {isa = PBXFileReference; fileEncoding = 4; lastKnownFileType = text.json; path = hikeData.json; sourceTree = "<group>"; };
		FA27A2012AC5702D00FB8A9B /* Hike.swift */ = {isa = PBXFileReference; lastKnownFileType = sourcecode.swift; path = Hike.swift; sourceTree = "<group>"; };
		FA27A2042AC570AD00FB8A9B /* GraphCapsule.swift */ = {isa = PBXFileReference; fileEncoding = 4; lastKnownFileType = sourcecode.swift; path = GraphCapsule.swift; sourceTree = "<group>"; };
		FA27A2052AC570AD00FB8A9B /* HikeGraph.swift */ = {isa = PBXFileReference; fileEncoding = 4; lastKnownFileType = sourcecode.swift; path = HikeGraph.swift; sourceTree = "<group>"; };
		FA27A2062AC570AD00FB8A9B /* HikeDetail.swift */ = {isa = PBXFileReference; fileEncoding = 4; lastKnownFileType = sourcecode.swift; path = HikeDetail.swift; sourceTree = "<group>"; };
		FA27A2072AC570AD00FB8A9B /* HikeView.swift */ = {isa = PBXFileReference; fileEncoding = 4; lastKnownFileType = sourcecode.swift; path = HikeView.swift; sourceTree = "<group>"; };
		FA27A20D2AC5B19A00FB8A9B /* CategoryHome.swift */ = {isa = PBXFileReference; lastKnownFileType = sourcecode.swift; path = CategoryHome.swift; sourceTree = "<group>"; };
		FA27A20F2AC5B39F00FB8A9B /* CategoryRow.swift */ = {isa = PBXFileReference; lastKnownFileType = sourcecode.swift; path = CategoryRow.swift; sourceTree = "<group>"; };
		FA27A2112AC5B4DC00FB8A9B /* CategoryItem.swift */ = {isa = PBXFileReference; lastKnownFileType = sourcecode.swift; path = CategoryItem.swift; sourceTree = "<group>"; };
		FA3FEAE82ABE9DCB00FAEFB1 /* landmarkData.json */ = {isa = PBXFileReference; fileEncoding = 4; lastKnownFileType = text.json; path = landmarkData.json; sourceTree = "<group>"; };
		FA3FEAEA2ABE9DE100FAEFB1 /* Landmark.swift */ = {isa = PBXFileReference; lastKnownFileType = sourcecode.swift; path = Landmark.swift; sourceTree = "<group>"; };
		FA3FEAEC2ABE9E4100FAEFB1 /* ModelData.swift */ = {isa = PBXFileReference; lastKnownFileType = sourcecode.swift; path = ModelData.swift; sourceTree = "<group>"; };
		FA3FEAF12ABE9F1800FAEFB1 /* MapView.swift */ = {isa = PBXFileReference; fileEncoding = 4; lastKnownFileType = sourcecode.swift; path = MapView.swift; sourceTree = "<group>"; };
		FA3FEAF32ABEA04F00FAEFB1 /* CircleImage.swift */ = {isa = PBXFileReference; lastKnownFileType = sourcecode.swift; path = CircleImage.swift; sourceTree = "<group>"; };
		FA3FEAF82ABEA24300FAEFB1 /* LandmarkRow.swift */ = {isa = PBXFileReference; lastKnownFileType = sourcecode.swift; path = LandmarkRow.swift; sourceTree = "<group>"; };
		FA3FEAFA2ABEA39800FAEFB1 /* LandmarkList.swift */ = {isa = PBXFileReference; lastKnownFileType = sourcecode.swift; path = LandmarkList.swift; sourceTree = "<group>"; };
		FA3FEAFC2ABEA48500FAEFB1 /* LandmarkDetail.swift */ = {isa = PBXFileReference; lastKnownFileType = sourcecode.swift; path = LandmarkDetail.swift; sourceTree = "<group>"; };
		FA5781E92ABE7F1700FAD4EC /* Landmarks.app */ = {isa = PBXFileReference; explicitFileType = wrapper.application; includeInIndex = 0; path = Landmarks.app; sourceTree = BUILT_PRODUCTS_DIR; };
		FA5781EC2ABE7F1700FAD4EC /* LandmarksApp.swift */ = {isa = PBXFileReference; lastKnownFileType = sourcecode.swift; path = LandmarksApp.swift; sourceTree = "<group>"; };
		FA5781EE2ABE7F1700FAD4EC /* ContentView.swift */ = {isa = PBXFileReference; lastKnownFileType = sourcecode.swift; path = ContentView.swift; sourceTree = "<group>"; };
		FA5781F02ABE7F1A00FAD4EC /* Assets.xcassets */ = {isa = PBXFileReference; lastKnownFileType = folder.assetcatalog; path = Assets.xcassets; sourceTree = "<group>"; };
		FA5781F32ABE7F1A00FAD4EC /* Preview Assets.xcassets */ = {isa = PBXFileReference; lastKnownFileType = folder.assetcatalog; path = "Preview Assets.xcassets"; sourceTree = "<group>"; };
		FA5781F92ABE7F1B00FAD4EC /* LandmarksTests.xctest */ = {isa = PBXFileReference; explicitFileType = wrapper.cfbundle; includeInIndex = 0; path = LandmarksTests.xctest; sourceTree = BUILT_PRODUCTS_DIR; };
		FA5781FD2ABE7F1B00FAD4EC /* LandmarksTests.swift */ = {isa = PBXFileReference; lastKnownFileType = sourcecode.swift; path = LandmarksTests.swift; sourceTree = "<group>"; };
		FA5782032ABE7F1B00FAD4EC /* LandmarksUITests.xctest */ = {isa = PBXFileReference; explicitFileType = wrapper.cfbundle; includeInIndex = 0; path = LandmarksUITests.xctest; sourceTree = BUILT_PRODUCTS_DIR; };
		FA5782072ABE7F1B00FAD4EC /* LandmarksUITests.swift */ = {isa = PBXFileReference; lastKnownFileType = sourcecode.swift; path = LandmarksUITests.swift; sourceTree = "<group>"; };
		FA5782092ABE7F1B00FAD4EC /* LandmarksUITestsLaunchTests.swift */ = {isa = PBXFileReference; lastKnownFileType = sourcecode.swift; path = LandmarksUITestsLaunchTests.swift; sourceTree = "<group>"; };
		FAB026B22ABFDFED000F7677 /* FavoriteButton.swift */ = {isa = PBXFileReference; lastKnownFileType = sourcecode.swift; path = FavoriteButton.swift; sourceTree = "<group>"; };
/* End PBXFileReference section */

/* Begin PBXFrameworksBuildPhase section */
		FA5781E62ABE7F1700FAD4EC /* Frameworks */ = {
			isa = PBXFrameworksBuildPhase;
			buildActionMask = 2147483647;
			files = (
			);
			runOnlyForDeploymentPostprocessing = 0;
		};
		FA5781F62ABE7F1B00FAD4EC /* Frameworks */ = {
			isa = PBXFrameworksBuildPhase;
			buildActionMask = 2147483647;
			files = (
			);
			runOnlyForDeploymentPostprocessing = 0;
		};
		FA5782002ABE7F1B00FAD4EC /* Frameworks */ = {
			isa = PBXFrameworksBuildPhase;
			buildActionMask = 2147483647;
			files = (
			);
			runOnlyForDeploymentPostprocessing = 0;
		};
/* End PBXFrameworksBuildPhase section */

/* Begin PBXGroup section */
		FA27A1FE2AC56D9500FB8A9B /* Badges */ = {
			isa = PBXGroup;
			children = (
				FA27A1F42AC53A5600FB8A9B /* HexagonParameters.swift */,
				FA27A1F62AC53EF200FB8A9B /* BadgeBackground.swift */,
				FA27A1F82AC5457200FB8A9B /* BadgeSymbol.swift */,
				FA27A1FA2AC545A500FB8A9B /* RotatedBadgeSymbol.swift */,
				FA27A1FC2AC56B7F00FB8A9B /* Badge.swift */,
			);
			path = Badges;
			sourceTree = "<group>";
		};
		FA27A2032AC570AD00FB8A9B /* Hikes */ = {
			isa = PBXGroup;
			children = (
				FA27A2042AC570AD00FB8A9B /* GraphCapsule.swift */,
				FA27A2052AC570AD00FB8A9B /* HikeGraph.swift */,
				FA27A2062AC570AD00FB8A9B /* HikeDetail.swift */,
				FA27A2072AC570AD00FB8A9B /* HikeView.swift */,
			);
			path = Hikes;
			sourceTree = "<group>";
		};
		FA27A20C2AC5B17300FB8A9B /* Categories */ = {
			isa = PBXGroup;
			children = (
				FA27A20D2AC5B19A00FB8A9B /* CategoryHome.swift */,
				FA27A20F2AC5B39F00FB8A9B /* CategoryRow.swift */,
				FA27A2112AC5B4DC00FB8A9B /* CategoryItem.swift */,
			);
			path = Categories;
			sourceTree = "<group>";
		};
		FA3FEAEE2ABE9E6100FAEFB1 /* Views */ = {
			isa = PBXGroup;
			children = (
				FA5781EE2ABE7F1700FAD4EC /* ContentView.swift */,
				FA27A20C2AC5B17300FB8A9B /* Categories */,
				FA27A2032AC570AD00FB8A9B /* Hikes */,
				FA27A1FE2AC56D9500FB8A9B /* Badges */,
				FAB026B42ABFE0ED000F7677 /* Landmarks */,
				FAB026B52ABFE103000F7677 /* Helpers */,
			);
			path = Views;
			sourceTree = "<group>";
		};
		FA3FEAF52ABEA0C900FAEFB1 /* Model */ = {
			isa = PBXGroup;
			children = (
				FA3FEAEA2ABE9DE100FAEFB1 /* Landmark.swift */,
				FA3FEAEC2ABE9E4100FAEFB1 /* ModelData.swift */,
				FA27A2012AC5702D00FB8A9B /* Hike.swift */,
			);
			path = Model;
			sourceTree = "<group>";
		};
		FA3FEAF62ABEA0E200FAEFB1 /* Resources */ = {
			isa = PBXGroup;
			children = (
				FA27A1FF2AC5701600FB8A9B /* hikeData.json */,
				FA3FEAE82ABE9DCB00FAEFB1 /* landmarkData.json */,
			);
			path = Resources;
			sourceTree = "<group>";
		};
		FA5781E02ABE7F1700FAD4EC = {
			isa = PBXGroup;
			children = (
				FA5781EB2ABE7F1700FAD4EC /* Landmarks */,
				FA5781FC2ABE7F1B00FAD4EC /* LandmarksTests */,
				FA5782062ABE7F1B00FAD4EC /* LandmarksUITests */,
				FA5781EA2ABE7F1700FAD4EC /* Products */,
			);
			sourceTree = "<group>";
		};
		FA5781EA2ABE7F1700FAD4EC /* Products */ = {
			isa = PBXGroup;
			children = (
				FA5781E92ABE7F1700FAD4EC /* Landmarks.app */,
				FA5781F92ABE7F1B00FAD4EC /* LandmarksTests.xctest */,
				FA5782032ABE7F1B00FAD4EC /* LandmarksUITests.xctest */,
			);
			name = Products;
			sourceTree = "<group>";
		};
		FA5781EB2ABE7F1700FAD4EC /* Landmarks */ = {
			isa = PBXGroup;
			children = (
				FA5781EC2ABE7F1700FAD4EC /* LandmarksApp.swift */,
				FA3FEAEE2ABE9E6100FAEFB1 /* Views */,
				FA3FEAF52ABEA0C900FAEFB1 /* Model */,
				FA3FEAF62ABEA0E200FAEFB1 /* Resources */,
				FA5781F02ABE7F1A00FAD4EC /* Assets.xcassets */,
				FA5781F22ABE7F1A00FAD4EC /* Preview Content */,
			);
			path = Landmarks;
			sourceTree = "<group>";
		};
		FA5781F22ABE7F1A00FAD4EC /* Preview Content */ = {
			isa = PBXGroup;
			children = (
				FA5781F32ABE7F1A00FAD4EC /* Preview Assets.xcassets */,
			);
			path = "Preview Content";
			sourceTree = "<group>";
		};
		FA5781FC2ABE7F1B00FAD4EC /* LandmarksTests */ = {
			isa = PBXGroup;
			children = (
				FA5781FD2ABE7F1B00FAD4EC /* LandmarksTests.swift */,
			);
			path = LandmarksTests;
			sourceTree = "<group>";
		};
		FA5782062ABE7F1B00FAD4EC /* LandmarksUITests */ = {
			isa = PBXGroup;
			children = (
				FA5782072ABE7F1B00FAD4EC /* LandmarksUITests.swift */,
				FA5782092ABE7F1B00FAD4EC /* LandmarksUITestsLaunchTests.swift */,
			);
			path = LandmarksUITests;
			sourceTree = "<group>";
		};
		FAB026B42ABFE0ED000F7677 /* Landmarks */ = {
			isa = PBXGroup;
			children = (
				FA3FEAF82ABEA24300FAEFB1 /* LandmarkRow.swift */,
				FA3FEAFA2ABEA39800FAEFB1 /* LandmarkList.swift */,
				FA3FEAFC2ABEA48500FAEFB1 /* LandmarkDetail.swift */,
			);
			path = Landmarks;
			sourceTree = "<group>";
		};
		FAB026B52ABFE103000F7677 /* Helpers */ = {
			isa = PBXGroup;
			children = (
				FA3FEAF12ABE9F1800FAEFB1 /* MapView.swift */,
				FA3FEAF32ABEA04F00FAEFB1 /* CircleImage.swift */,
				FAB026B22ABFDFED000F7677 /* FavoriteButton.swift */,
			);
			path = Helpers;
			sourceTree = "<group>";
		};
/* End PBXGroup section */

/* Begin PBXNativeTarget section */
		FA5781E82ABE7F1700FAD4EC /* Landmarks */ = {
			isa = PBXNativeTarget;
			buildConfigurationList = FA57820D2ABE7F1B00FAD4EC /* Build configuration list for PBXNativeTarget "Landmarks" */;
			buildPhases = (
				FA5781E52ABE7F1700FAD4EC /* Sources */,
				FA5781E62ABE7F1700FAD4EC /* Frameworks */,
				FA5781E72ABE7F1700FAD4EC /* Resources */,
			);
			buildRules = (
			);
			dependencies = (
			);
			name = Landmarks;
			productName = Landmarks;
			productReference = FA5781E92ABE7F1700FAD4EC /* Landmarks.app */;
			productType = "com.apple.product-type.application";
		};
		FA5781F82ABE7F1B00FAD4EC /* LandmarksTests */ = {
			isa = PBXNativeTarget;
			buildConfigurationList = FA5782102ABE7F1B00FAD4EC /* Build configuration list for PBXNativeTarget "LandmarksTests" */;
			buildPhases = (
				FA5781F52ABE7F1B00FAD4EC /* Sources */,
				FA5781F62ABE7F1B00FAD4EC /* Frameworks */,
				FA5781F72ABE7F1B00FAD4EC /* Resources */,
			);
			buildRules = (
			);
			dependencies = (
				FA5781FB2ABE7F1B00FAD4EC /* PBXTargetDependency */,
			);
			name = LandmarksTests;
			productName = LandmarksTests;
			productReference = FA5781F92ABE7F1B00FAD4EC /* LandmarksTests.xctest */;
			productType = "com.apple.product-type.bundle.unit-test";
		};
		FA5782022ABE7F1B00FAD4EC /* LandmarksUITests */ = {
			isa = PBXNativeTarget;
			buildConfigurationList = FA5782132ABE7F1B00FAD4EC /* Build configuration list for PBXNativeTarget "LandmarksUITests" */;
			buildPhases = (
				FA5781FF2ABE7F1B00FAD4EC /* Sources */,
				FA5782002ABE7F1B00FAD4EC /* Frameworks */,
				FA5782012ABE7F1B00FAD4EC /* Resources */,
			);
			buildRules = (
			);
			dependencies = (
				FA5782052ABE7F1B00FAD4EC /* PBXTargetDependency */,
			);
			name = LandmarksUITests;
			productName = LandmarksUITests;
			productReference = FA5782032ABE7F1B00FAD4EC /* LandmarksUITests.xctest */;
			productType = "com.apple.product-type.bundle.ui-testing";
		};
/* End PBXNativeTarget section */

/* Begin PBXProject section */
		FA5781E12ABE7F1700FAD4EC /* Project object */ = {
			isa = PBXProject;
			attributes = {
				BuildIndependentTargetsInParallel = 1;
				LastSwiftUpdateCheck = 1500;
				LastUpgradeCheck = 1500;
				TargetAttributes = {
					FA5781E82ABE7F1700FAD4EC = {
						CreatedOnToolsVersion = 15.0;
					};
					FA5781F82ABE7F1B00FAD4EC = {
						CreatedOnToolsVersion = 15.0;
						TestTargetID = FA5781E82ABE7F1700FAD4EC;
					};
					FA5782022ABE7F1B00FAD4EC = {
						CreatedOnToolsVersion = 15.0;
						TestTargetID = FA5781E82ABE7F1700FAD4EC;
					};
				};
			};
			buildConfigurationList = FA5781E42ABE7F1700FAD4EC /* Build configuration list for PBXProject "Landmarks" */;
			compatibilityVersion = "Xcode 14.0";
			developmentRegion = en;
			hasScannedForEncodings = 0;
			knownRegions = (
				en,
				Base,
			);
			mainGroup = FA5781E02ABE7F1700FAD4EC;
			productRefGroup = FA5781EA2ABE7F1700FAD4EC /* Products */;
			projectDirPath = "";
			projectRoot = "";
			targets = (
				FA5781E82ABE7F1700FAD4EC /* Landmarks */,
				FA5781F82ABE7F1B00FAD4EC /* LandmarksTests */,
				FA5782022ABE7F1B00FAD4EC /* LandmarksUITests */,
			);
		};
/* End PBXProject section */

/* Begin PBXResourcesBuildPhase section */
		FA5781E72ABE7F1700FAD4EC /* Resources */ = {
			isa = PBXResourcesBuildPhase;
			buildActionMask = 2147483647;
			files = (
				FA27A2002AC5701600FB8A9B /* hikeData.json in Resources */,
				FA5781F42ABE7F1A00FAD4EC /* Preview Assets.xcassets in Resources */,
				FA5781F12ABE7F1A00FAD4EC /* Assets.xcassets in Resources */,
				FA3FEAE92ABE9DCB00FAEFB1 /* landmarkData.json in Resources */,
			);
			runOnlyForDeploymentPostprocessing = 0;
		};
		FA5781F72ABE7F1B00FAD4EC /* Resources */ = {
			isa = PBXResourcesBuildPhase;
			buildActionMask = 2147483647;
			files = (
			);
			runOnlyForDeploymentPostprocessing = 0;
		};
		FA5782012ABE7F1B00FAD4EC /* Resources */ = {
			isa = PBXResourcesBuildPhase;
			buildActionMask = 2147483647;
			files = (
			);
			runOnlyForDeploymentPostprocessing = 0;
		};
/* End PBXResourcesBuildPhase section */

/* Begin PBXSourcesBuildPhase section */
		FA5781E52ABE7F1700FAD4EC /* Sources */ = {
			isa = PBXSourcesBuildPhase;
			buildActionMask = 2147483647;
			files = (
				FA27A2102AC5B39F00FB8A9B /* CategoryRow.swift in Sources */,
				FA5781EF2ABE7F1700FAD4EC /* ContentView.swift in Sources */,
				FA27A20E2AC5B19A00FB8A9B /* CategoryHome.swift in Sources */,
				FA27A2092AC570AD00FB8A9B /* HikeGraph.swift in Sources */,
				FA27A1FD2AC56B7F00FB8A9B /* Badge.swift in Sources */,
				FA3FEAF22ABE9F1800FAEFB1 /* MapView.swift in Sources */,
				FA27A2082AC570AD00FB8A9B /* GraphCapsule.swift in Sources */,
				FA3FEAED2ABE9E4100FAEFB1 /* ModelData.swift in Sources */,
				FAB026B32ABFDFED000F7677 /* FavoriteButton.swift in Sources */,
				FA27A2122AC5B4DC00FB8A9B /* CategoryItem.swift in Sources */,
				FA27A20A2AC570AD00FB8A9B /* HikeDetail.swift in Sources */,
				FA27A1F52AC53A5600FB8A9B /* HexagonParameters.swift in Sources */,
				FA27A2022AC5702D00FB8A9B /* Hike.swift in Sources */,
				FA27A1FB2AC545A500FB8A9B /* RotatedBadgeSymbol.swift in Sources */,
				FA27A1F92AC5457200FB8A9B /* BadgeSymbol.swift in Sources */,
				FA3FEAFB2ABEA39800FAEFB1 /* LandmarkList.swift in Sources */,
				FA27A20B2AC570AD00FB8A9B /* HikeView.swift in Sources */,
				FA3FEAFD2ABEA48500FAEFB1 /* LandmarkDetail.swift in Sources */,
				FA27A1F72AC53EF200FB8A9B /* BadgeBackground.swift in Sources */,
				FA5781ED2ABE7F1700FAD4EC /* LandmarksApp.swift in Sources */,
				FA3FEAEB2ABE9DE100FAEFB1 /* Landmark.swift in Sources */,
				FA3FEAF92ABEA24300FAEFB1 /* LandmarkRow.swift in Sources */,
				FA3FEAF42ABEA04F00FAEFB1 /* CircleImage.swift in Sources */,
			);
			runOnlyForDeploymentPostprocessing = 0;
		};
		FA5781F52ABE7F1B00FAD4EC /* Sources */ = {
			isa = PBXSourcesBuildPhase;
			buildActionMask = 2147483647;
			files = (
				FA5781FE2ABE7F1B00FAD4EC /* LandmarksTests.swift in Sources */,
			);
			runOnlyForDeploymentPostprocessing = 0;
		};
		FA5781FF2ABE7F1B00FAD4EC /* Sources */ = {
			isa = PBXSourcesBuildPhase;
			buildActionMask = 2147483647;
			files = (
				FA57820A2ABE7F1B00FAD4EC /* LandmarksUITestsLaunchTests.swift in Sources */,
				FA5782082ABE7F1B00FAD4EC /* LandmarksUITests.swift in Sources */,
			);
			runOnlyForDeploymentPostprocessing = 0;
		};
/* End PBXSourcesBuildPhase section */

/* Begin PBXTargetDependency section */
		FA5781FB2ABE7F1B00FAD4EC /* PBXTargetDependency */ = {
			isa = PBXTargetDependency;
			target = FA5781E82ABE7F1700FAD4EC /* Landmarks */;
			targetProxy = FA5781FA2ABE7F1B00FAD4EC /* PBXContainerItemProxy */;
		};
		FA5782052ABE7F1B00FAD4EC /* PBXTargetDependency */ = {
			isa = PBXTargetDependency;
			target = FA5781E82ABE7F1700FAD4EC /* Landmarks */;
			targetProxy = FA5782042ABE7F1B00FAD4EC /* PBXContainerItemProxy */;
		};
/* End PBXTargetDependency section */

/* Begin XCBuildConfiguration section */
		FA57820B2ABE7F1B00FAD4EC /* Debug */ = {
			isa = XCBuildConfiguration;
			buildSettings = {
				ALWAYS_SEARCH_USER_PATHS = NO;
				ASSETCATALOG_COMPILER_GENERATE_SWIFT_ASSET_SYMBOL_EXTENSIONS = YES;
				CLANG_ANALYZER_NONNULL = YES;
				CLANG_ANALYZER_NUMBER_OBJECT_CONVERSION = YES_AGGRESSIVE;
				CLANG_CXX_LANGUAGE_STANDARD = "gnu++20";
				CLANG_ENABLE_MODULES = YES;
				CLANG_ENABLE_OBJC_ARC = YES;
				CLANG_ENABLE_OBJC_WEAK = YES;
				CLANG_WARN_BLOCK_CAPTURE_AUTORELEASING = YES;
				CLANG_WARN_BOOL_CONVERSION = YES;
				CLANG_WARN_COMMA = YES;
				CLANG_WARN_CONSTANT_CONVERSION = YES;
				CLANG_WARN_DEPRECATED_OBJC_IMPLEMENTATIONS = YES;
				CLANG_WARN_DIRECT_OBJC_ISA_USAGE = YES_ERROR;
				CLANG_WARN_DOCUMENTATION_COMMENTS = YES;
				CLANG_WARN_EMPTY_BODY = YES;
				CLANG_WARN_ENUM_CONVERSION = YES;
				CLANG_WARN_INFINITE_RECURSION = YES;
				CLANG_WARN_INT_CONVERSION = YES;
				CLANG_WARN_NON_LITERAL_NULL_CONVERSION = YES;
				CLANG_WARN_OBJC_IMPLICIT_RETAIN_SELF = YES;
				CLANG_WARN_OBJC_LITERAL_CONVERSION = YES;
				CLANG_WARN_OBJC_ROOT_CLASS = YES_ERROR;
				CLANG_WARN_QUOTED_INCLUDE_IN_FRAMEWORK_HEADER = YES;
				CLANG_WARN_RANGE_LOOP_ANALYSIS = YES;
				CLANG_WARN_STRICT_PROTOTYPES = YES;
				CLANG_WARN_SUSPICIOUS_MOVE = YES;
				CLANG_WARN_UNGUARDED_AVAILABILITY = YES_AGGRESSIVE;
				CLANG_WARN_UNREACHABLE_CODE = YES;
				CLANG_WARN__DUPLICATE_METHOD_MATCH = YES;
				COPY_PHASE_STRIP = NO;
				DEBUG_INFORMATION_FORMAT = dwarf;
				ENABLE_STRICT_OBJC_MSGSEND = YES;
				ENABLE_TESTABILITY = YES;
				ENABLE_USER_SCRIPT_SANDBOXING = YES;
				GCC_C_LANGUAGE_STANDARD = gnu17;
				GCC_DYNAMIC_NO_PIC = NO;
				GCC_NO_COMMON_BLOCKS = YES;
				GCC_OPTIMIZATION_LEVEL = 0;
				GCC_PREPROCESSOR_DEFINITIONS = (
					"DEBUG=1",
					"$(inherited)",
				);
				GCC_WARN_64_TO_32_BIT_CONVERSION = YES;
				GCC_WARN_ABOUT_RETURN_TYPE = YES_ERROR;
				GCC_WARN_UNDECLARED_SELECTOR = YES;
				GCC_WARN_UNINITIALIZED_AUTOS = YES_AGGRESSIVE;
				GCC_WARN_UNUSED_FUNCTION = YES;
				GCC_WARN_UNUSED_VARIABLE = YES;
				IPHONEOS_DEPLOYMENT_TARGET = 17.0;
				LOCALIZATION_PREFERS_STRING_CATALOGS = YES;
				MTL_ENABLE_DEBUG_INFO = INCLUDE_SOURCE;
				MTL_FAST_MATH = YES;
				ONLY_ACTIVE_ARCH = YES;
				SDKROOT = iphoneos;
				SWIFT_ACTIVE_COMPILATION_CONDITIONS = "DEBUG $(inherited)";
				SWIFT_OPTIMIZATION_LEVEL = "-Onone";
			};
			name = Debug;
		};
		FA57820C2ABE7F1B00FAD4EC /* Release */ = {
			isa = XCBuildConfiguration;
			buildSettings = {
				ALWAYS_SEARCH_USER_PATHS = NO;
				ASSETCATALOG_COMPILER_GENERATE_SWIFT_ASSET_SYMBOL_EXTENSIONS = YES;
				CLANG_ANALYZER_NONNULL = YES;
				CLANG_ANALYZER_NUMBER_OBJECT_CONVERSION = YES_AGGRESSIVE;
				CLANG_CXX_LANGUAGE_STANDARD = "gnu++20";
				CLANG_ENABLE_MODULES = YES;
				CLANG_ENABLE_OBJC_ARC = YES;
				CLANG_ENABLE_OBJC_WEAK = YES;
				CLANG_WARN_BLOCK_CAPTURE_AUTORELEASING = YES;
				CLANG_WARN_BOOL_CONVERSION = YES;
				CLANG_WARN_COMMA = YES;
				CLANG_WARN_CONSTANT_CONVERSION = YES;
				CLANG_WARN_DEPRECATED_OBJC_IMPLEMENTATIONS = YES;
				CLANG_WARN_DIRECT_OBJC_ISA_USAGE = YES_ERROR;
				CLANG_WARN_DOCUMENTATION_COMMENTS = YES;
				CLANG_WARN_EMPTY_BODY = YES;
				CLANG_WARN_ENUM_CONVERSION = YES;
				CLANG_WARN_INFINITE_RECURSION = YES;
				CLANG_WARN_INT_CONVERSION = YES;
				CLANG_WARN_NON_LITERAL_NULL_CONVERSION = YES;
				CLANG_WARN_OBJC_IMPLICIT_RETAIN_SELF = YES;
				CLANG_WARN_OBJC_LITERAL_CONVERSION = YES;
				CLANG_WARN_OBJC_ROOT_CLASS = YES_ERROR;
				CLANG_WARN_QUOTED_INCLUDE_IN_FRAMEWORK_HEADER = YES;
				CLANG_WARN_RANGE_LOOP_ANALYSIS = YES;
				CLANG_WARN_STRICT_PROTOTYPES = YES;
				CLANG_WARN_SUSPICIOUS_MOVE = YES;
				CLANG_WARN_UNGUARDED_AVAILABILITY = YES_AGGRESSIVE;
				CLANG_WARN_UNREACHABLE_CODE = YES;
				CLANG_WARN__DUPLICATE_METHOD_MATCH = YES;
				COPY_PHASE_STRIP = NO;
				DEBUG_INFORMATION_FORMAT = "dwarf-with-dsym";
				ENABLE_NS_ASSERTIONS = NO;
				ENABLE_STRICT_OBJC_MSGSEND = YES;
				ENABLE_USER_SCRIPT_SANDBOXING = YES;
				GCC_C_LANGUAGE_STANDARD = gnu17;
				GCC_NO_COMMON_BLOCKS = YES;
				GCC_WARN_64_TO_32_BIT_CONVERSION = YES;
				GCC_WARN_ABOUT_RETURN_TYPE = YES_ERROR;
				GCC_WARN_UNDECLARED_SELECTOR = YES;
				GCC_WARN_UNINITIALIZED_AUTOS = YES_AGGRESSIVE;
				GCC_WARN_UNUSED_FUNCTION = YES;
				GCC_WARN_UNUSED_VARIABLE = YES;
				IPHONEOS_DEPLOYMENT_TARGET = 17.0;
				LOCALIZATION_PREFERS_STRING_CATALOGS = YES;
				MTL_ENABLE_DEBUG_INFO = NO;
				MTL_FAST_MATH = YES;
				SDKROOT = iphoneos;
				SWIFT_COMPILATION_MODE = wholemodule;
				VALIDATE_PRODUCT = YES;
			};
			name = Release;
		};
		FA57820E2ABE7F1B00FAD4EC /* Debug */ = {
			isa = XCBuildConfiguration;
			buildSettings = {
				ASSETCATALOG_COMPILER_APPICON_NAME = AppIcon;
				ASSETCATALOG_COMPILER_GLOBAL_ACCENT_COLOR_NAME = AccentColor;
				CODE_SIGN_STYLE = Automatic;
				CURRENT_PROJECT_VERSION = 1;
				DEVELOPMENT_ASSET_PATHS = "\"Landmarks/Preview Content\"";
				DEVELOPMENT_TEAM = "";
				ENABLE_PREVIEWS = YES;
				GENERATE_INFOPLIST_FILE = YES;
				INFOPLIST_KEY_UIApplicationSceneManifest_Generation = YES;
				INFOPLIST_KEY_UIApplicationSupportsIndirectInputEvents = YES;
				INFOPLIST_KEY_UILaunchScreen_Generation = YES;
				INFOPLIST_KEY_UISupportedInterfaceOrientations_iPad = "UIInterfaceOrientationPortrait UIInterfaceOrientationPortraitUpsideDown UIInterfaceOrientationLandscapeLeft UIInterfaceOrientationLandscapeRight";
				INFOPLIST_KEY_UISupportedInterfaceOrientations_iPhone = "UIInterfaceOrientationPortrait UIInterfaceOrientationLandscapeLeft UIInterfaceOrientationLandscapeRight";
				LD_RUNPATH_SEARCH_PATHS = (
					"$(inherited)",
					"@executable_path/Frameworks",
				);
				MARKETING_VERSION = 1.0;
				PRODUCT_BUNDLE_IDENTIFIER = class.Landmarks;
				PRODUCT_NAME = "$(TARGET_NAME)";
				SWIFT_EMIT_LOC_STRINGS = YES;
				SWIFT_VERSION = 5.0;
				TARGETED_DEVICE_FAMILY = "1,2";
			};
			name = Debug;
		};
		FA57820F2ABE7F1B00FAD4EC /* Release */ = {
			isa = XCBuildConfiguration;
			buildSettings = {
				ASSETCATALOG_COMPILER_APPICON_NAME = AppIcon;
				ASSETCATALOG_COMPILER_GLOBAL_ACCENT_COLOR_NAME = AccentColor;
				CODE_SIGN_STYLE = Automatic;
				CURRENT_PROJECT_VERSION = 1;
				DEVELOPMENT_ASSET_PATHS = "\"Landmarks/Preview Content\"";
				DEVELOPMENT_TEAM = 7FBWJHNQCB;
				ENABLE_PREVIEWS = YES;
				GENERATE_INFOPLIST_FILE = YES;
				INFOPLIST_KEY_UIApplicationSceneManifest_Generation = YES;
				INFOPLIST_KEY_UIApplicationSupportsIndirectInputEvents = YES;
				INFOPLIST_KEY_UILaunchScreen_Generation = YES;
				INFOPLIST_KEY_UISupportedInterfaceOrientations_iPad = "UIInterfaceOrientationPortrait UIInterfaceOrientationPortraitUpsideDown UIInterfaceOrientationLandscapeLeft UIInterfaceOrientationLandscapeRight";
				INFOPLIST_KEY_UISupportedInterfaceOrientations_iPhone = "UIInterfaceOrientationPortrait UIInterfaceOrientationLandscapeLeft UIInterfaceOrientationLandscapeRight";
				LD_RUNPATH_SEARCH_PATHS = (
					"$(inherited)",
					"@executable_path/Frameworks",
				);
				MARKETING_VERSION = 1.0;
				PRODUCT_BUNDLE_IDENTIFIER = class.Landmarks;
				PRODUCT_NAME = "$(TARGET_NAME)";
				SWIFT_EMIT_LOC_STRINGS = YES;
				SWIFT_VERSION = 5.0;
				TARGETED_DEVICE_FAMILY = "1,2";
			};
			name = Release;
		};
		FA5782112ABE7F1B00FAD4EC /* Debug */ = {
			isa = XCBuildConfiguration;
			buildSettings = {
				ALWAYS_EMBED_SWIFT_STANDARD_LIBRARIES = YES;
				BUNDLE_LOADER = "$(TEST_HOST)";
				CODE_SIGN_STYLE = Automatic;
				CURRENT_PROJECT_VERSION = 1;
				GENERATE_INFOPLIST_FILE = YES;
				IPHONEOS_DEPLOYMENT_TARGET = 17.0;
				MARKETING_VERSION = 1.0;
				PRODUCT_BUNDLE_IDENTIFIER = class.LandmarksTests;
				PRODUCT_NAME = "$(TARGET_NAME)";
				SWIFT_EMIT_LOC_STRINGS = NO;
				SWIFT_VERSION = 5.0;
				TARGETED_DEVICE_FAMILY = "1,2";
				TEST_HOST = "$(BUILT_PRODUCTS_DIR)/Landmarks.app/$(BUNDLE_EXECUTABLE_FOLDER_PATH)/Landmarks";
			};
			name = Debug;
		};
		FA5782122ABE7F1B00FAD4EC /* Release */ = {
			isa = XCBuildConfiguration;
			buildSettings = {
				ALWAYS_EMBED_SWIFT_STANDARD_LIBRARIES = YES;
				BUNDLE_LOADER = "$(TEST_HOST)";
				CODE_SIGN_STYLE = Automatic;
				CURRENT_PROJECT_VERSION = 1;
				GENERATE_INFOPLIST_FILE = YES;
				IPHONEOS_DEPLOYMENT_TARGET = 17.0;
				MARKETING_VERSION = 1.0;
				PRODUCT_BUNDLE_IDENTIFIER = class.LandmarksTests;
				PRODUCT_NAME = "$(TARGET_NAME)";
				SWIFT_EMIT_LOC_STRINGS = NO;
				SWIFT_VERSION = 5.0;
				TARGETED_DEVICE_FAMILY = "1,2";
				TEST_HOST = "$(BUILT_PRODUCTS_DIR)/Landmarks.app/$(BUNDLE_EXECUTABLE_FOLDER_PATH)/Landmarks";
			};
			name = Release;
		};
		FA5782142ABE7F1B00FAD4EC /* Debug */ = {
			isa = XCBuildConfiguration;
			buildSettings = {
				ALWAYS_EMBED_SWIFT_STANDARD_LIBRARIES = YES;
				CODE_SIGN_STYLE = Automatic;
				CURRENT_PROJECT_VERSION = 1;
				GENERATE_INFOPLIST_FILE = YES;
				MARKETING_VERSION = 1.0;
				PRODUCT_BUNDLE_IDENTIFIER = class.LandmarksUITests;
				PRODUCT_NAME = "$(TARGET_NAME)";
				SWIFT_EMIT_LOC_STRINGS = NO;
				SWIFT_VERSION = 5.0;
				TARGETED_DEVICE_FAMILY = "1,2";
				TEST_TARGET_NAME = Landmarks;
			};
			name = Debug;
		};
		FA5782152ABE7F1B00FAD4EC /* Release */ = {
			isa = XCBuildConfiguration;
			buildSettings = {
				ALWAYS_EMBED_SWIFT_STANDARD_LIBRARIES = YES;
				CODE_SIGN_STYLE = Automatic;
				CURRENT_PROJECT_VERSION = 1;
				GENERATE_INFOPLIST_FILE = YES;
				MARKETING_VERSION = 1.0;
				PRODUCT_BUNDLE_IDENTIFIER = class.LandmarksUITests;
				PRODUCT_NAME = "$(TARGET_NAME)";
				SWIFT_EMIT_LOC_STRINGS = NO;
				SWIFT_VERSION = 5.0;
				TARGETED_DEVICE_FAMILY = "1,2";
				TEST_TARGET_NAME = Landmarks;
			};
			name = Release;
		};
/* End XCBuildConfiguration section */

/* Begin XCConfigurationList section */
		FA5781E42ABE7F1700FAD4EC /* Build configuration list for PBXProject "Landmarks" */ = {
			isa = XCConfigurationList;
			buildConfigurations = (
				FA57820B2ABE7F1B00FAD4EC /* Debug */,
				FA57820C2ABE7F1B00FAD4EC /* Release */,
			);
			defaultConfigurationIsVisible = 0;
			defaultConfigurationName = Release;
		};
		FA57820D2ABE7F1B00FAD4EC /* Build configuration list for PBXNativeTarget "Landmarks" */ = {
			isa = XCConfigurationList;
			buildConfigurations = (
				FA57820E2ABE7F1B00FAD4EC /* Debug */,
				FA57820F2ABE7F1B00FAD4EC /* Release */,
			);
			defaultConfigurationIsVisible = 0;
			defaultConfigurationName = Release;
		};
		FA5782102ABE7F1B00FAD4EC /* Build configuration list for PBXNativeTarget "LandmarksTests" */ = {
			isa = XCConfigurationList;
			buildConfigurations = (
				FA5782112ABE7F1B00FAD4EC /* Debug */,
				FA5782122ABE7F1B00FAD4EC /* Release */,
			);
			defaultConfigurationIsVisible = 0;
			defaultConfigurationName = Release;
		};
		FA5782132ABE7F1B00FAD4EC /* Build configuration list for PBXNativeTarget "LandmarksUITests" */ = {
			isa = XCConfigurationList;
			buildConfigurations = (
				FA5782142ABE7F1B00FAD4EC /* Debug */,
				FA5782152ABE7F1B00FAD4EC /* Release */,
			);
			defaultConfigurationIsVisible = 0;
			defaultConfigurationName = Release;
		};
/* End XCConfigurationList section */
	};
	rootObject = FA5781E12ABE7F1700FAD4EC /* Project object */;
}
